
Microsoft Visual Studio Solution File, Format Version 12.00
# Visual Studio Version 17
VisualStudioVersion = 17.3.32811.315
MinimumVisualStudioVersion = 10.0.40219.1
Project("{9A19103F-16F7-4668-BE54-9A1E7A4F7556}") = "Introducción - I01 - Máximo, mínimo y promedio", "I01 - Máximo, mínimo y promedio\Introducción - I01 - Máximo, mínimo y promedio.csproj", "{58289EBB-AE1B-41A9-B132-CD0FEF3C14AD}"
EndProject
Project("{9A19103F-16F7-4668-BE54-9A1E7A4F7556}") = "Introducción - I02 - Error al cubo", "I02 - Error al cubo\Introducción - I02 - Error al cubo.csproj", "{52740B4C-3970-4A66-B7C7-1FBADEB54768}"
EndProject
Project("{9A19103F-16F7-4668-BE54-9A1E7A4F7556}") = "Introducción - I03 - Los primos", "I03 - Los primos\Introducción - I03 - Los primos.csproj", "{2F50FC65-536E-4E2B-89BF-138E2A3279BD}"
EndProject
Project("{9A19103F-16F7-4668-BE54-9A1E7A4F7556}") = "Introducción - I04 - Un número perfecto", "Introducción - I04 - Un número perfecto\Introducción - I04 - Un número perfecto.csproj", "{840700AA-547F-4C5E-8B88-B2A732D53278}"
EndProject
Project("{9A19103F-16F7-4668-BE54-9A1E7A4F7556}") = "Introducción - I05 - Tirame un centro", "Introducción - I05 - Tirame un centro\Introducción - I05 - Tirame un centro.csproj", "{93DBC5B4-5A15-4F20-A994-F73558733F7E}"
EndProject
Project("{9A19103F-16F7-4668-BE54-9A1E7A4F7556}") = "Introducción - I06 - Años bisiestos", "Introducción - I06 - Años bisiestos\Introducción - I06 - Años bisiestos.csproj", "{630629F7-C64D-4AC4-907F-2F449FB79212}"
EndProject
Project("{9A19103F-16F7-4668-BE54-9A1E7A4F7556}") = "Introducción - I07 - Recibo de sueldo", "Introducción - I07 - Recibo de sueldo\Introducción - I07 - Recibo de sueldo.csproj", "{3900D8C4-CAA4-4F44-BFA3-311DB8D0B477}"
EndProject
Project("{FAE04EC0-301F-11D3-BF4B-00C04F79EFBC}") = "Introducción - I08 - Dibujando un triángulo rectángulo", "Introdución - I08 - Dibujando un triángulo rectángulo\Introducción - I08 - Dibujando un triángulo rectángulo.csproj", "{927D9279-7ABD-499A-A9F3-F6DD568A2BCC}"
EndProject
Project("{FAE04EC0-301F-11D3-BF4B-00C04F79EFBC}") = "Introducción - I09 - Dibujando un triángulo equilá.", "Introducción - I09 - Dibujando un triángulo equilá\Introducción - I09 - Dibujando un triángulo equilá..csproj", "{DD739A08-365B-4575-963C-E2C8FE30095B}"
EndProject
Global
	GlobalSection(SolutionConfigurationPlatforms) = preSolution
		Debug|Any CPU = Debug|Any CPU
		Release|Any CPU = Release|Any CPU
	EndGlobalSection
	GlobalSection(ProjectConfigurationPlatforms) = postSolution
		{58289EBB-AE1B-41A9-B132-CD0FEF3C14AD}.Debug|Any CPU.ActiveCfg = Debug|Any CPU
		{58289EBB-AE1B-41A9-B132-CD0FEF3C14AD}.Debug|Any CPU.Build.0 = Debug|Any CPU
		{58289EBB-AE1B-41A9-B132-CD0FEF3C14AD}.Release|Any CPU.ActiveCfg = Release|Any CPU
		{58289EBB-AE1B-41A9-B132-CD0FEF3C14AD}.Release|Any CPU.Build.0 = Release|Any CPU
		{52740B4C-3970-4A66-B7C7-1FBADEB54768}.Debug|Any CPU.ActiveCfg = Debug|Any CPU
		{52740B4C-3970-4A66-B7C7-1FBADEB54768}.Debug|Any CPU.Build.0 = Debug|Any CPU
		{52740B4C-3970-4A66-B7C7-1FBADEB54768}.Release|Any CPU.ActiveCfg = Release|Any CPU
		{52740B4C-3970-4A66-B7C7-1FBADEB54768}.Release|Any CPU.Build.0 = Release|Any CPU
		{2F50FC65-536E-4E2B-89BF-138E2A3279BD}.Debug|Any CPU.ActiveCfg = Debug|Any CPU
		{2F50FC65-536E-4E2B-89BF-138E2A3279BD}.Debug|Any CPU.Build.0 = Debug|Any CPU
		{2F50FC65-536E-4E2B-89BF-138E2A3279BD}.Release|Any CPU.ActiveCfg = Release|Any CPU
		{2F50FC65-536E-4E2B-89BF-138E2A3279BD}.Release|Any CPU.Build.0 = Release|Any CPU
		{840700AA-547F-4C5E-8B88-B2A732D53278}.Debug|Any CPU.ActiveCfg = Debug|Any CPU
		{840700AA-547F-4C5E-8B88-B2A732D53278}.Debug|Any CPU.Build.0 = Debug|Any CPU
		{840700AA-547F-4C5E-8B88-B2A732D53278}.Release|Any CPU.ActiveCfg = Release|Any CPU
		{840700AA-547F-4C5E-8B88-B2A732D53278}.Release|Any CPU.Build.0 = Release|Any CPU
		{93DBC5B4-5A15-4F20-A994-F73558733F7E}.Debug|Any CPU.ActiveCfg = Debug|Any CPU
		{93DBC5B4-5A15-4F20-A994-F73558733F7E}.Debug|Any CPU.Build.0 = Debug|Any CPU
		{93DBC5B4-5A15-4F20-A994-F73558733F7E}.Release|Any CPU.ActiveCfg = Release|Any CPU
		{93DBC5B4-5A15-4F20-A994-F73558733F7E}.Release|Any CPU.Build.0 = Release|Any CPU
		{630629F7-C64D-4AC4-907F-2F449FB79212}.Debug|Any CPU.ActiveCfg = Debug|Any CPU
		{630629F7-C64D-4AC4-907F-2F449FB79212}.Debug|Any CPU.Build.0 = Debug|Any CPU
		{630629F7-C64D-4AC4-907F-2F449FB79212}.Release|Any CPU.ActiveCfg = Release|Any CPU
		{630629F7-C64D-4AC4-907F-2F449FB79212}.Release|Any CPU.Build.0 = Release|Any CPU
		{3900D8C4-CAA4-4F44-BFA3-311DB8D0B477}.Debug|Any CPU.ActiveCfg = Debug|Any CPU
		{3900D8C4-CAA4-4F44-BFA3-311DB8D0B477}.Debug|Any CPU.Build.0 = Debug|Any CPU
		{3900D8C4-CAA4-4F44-BFA3-311DB8D0B477}.Release|Any CPU.ActiveCfg = Release|Any CPU
		{3900D8C4-CAA4-4F44-BFA3-311DB8D0B477}.Release|Any CPU.Build.0 = Release|Any CPU
		{927D9279-7ABD-499A-A9F3-F6DD568A2BCC}.Debug|Any CPU.ActiveCfg = Debug|Any CPU
		{927D9279-7ABD-499A-A9F3-F6DD568A2BCC}.Debug|Any CPU.Build.0 = Debug|Any CPU
		{927D9279-7ABD-499A-A9F3-F6DD568A2BCC}.Release|Any CPU.ActiveCfg = Release|Any CPU
		{927D9279-7ABD-499A-A9F3-F6DD568A2BCC}.Release|Any CPU.Build.0 = Release|Any CPU
		{DD739A08-365B-4575-963C-E2C8FE30095B}.Debug|Any CPU.ActiveCfg = Debug|Any CPU
		{DD739A08-365B-4575-963C-E2C8FE30095B}.Debug|Any CPU.Build.0 = Debug|Any CPU
		{DD739A08-365B-4575-963C-E2C8FE30095B}.Release|Any CPU.ActiveCfg = Release|Any CPU
		{DD739A08-365B-4575-963C-E2C8FE30095B}.Release|Any CPU.Build.0 = Release|Any CPU
	EndGlobalSection
	GlobalSection(SolutionProperties) = preSolution
		HideSolutionNode = FALSE
	EndGlobalSection
	GlobalSection(ExtensibilityGlobals) = postSolution
		SolutionGuid = {C0178414-9F56-461C-B775-0978430DC9EE}
	EndGlobalSection
EndGlobal
