
Microsoft Visual Studio Solution File, Format Version 12.00
# Visual Studio Version 17
VisualStudioVersion = 17.3.32811.315
MinimumVisualStudioVersion = 10.0.40219.1
Project("{9A19103F-16F7-4668-BE54-9A1E7A4F7556}") = "Introducción - I01 - Máximo, mínimo y promedio", "I01 - Máximo, mínimo y promedio\Introducción - I01 - Máximo, mínimo y promedio.csproj", "{58289EBB-AE1B-41A9-B132-CD0FEF3C14AD}"
EndProject
Project("{9A19103F-16F7-4668-BE54-9A1E7A4F7556}") = "Introducción - I02 - Error al cubo", "I02 - Error al cubo\Introducción - I02 - Error al cubo.csproj", "{52740B4C-3970-4A66-B7C7-1FBADEB54768}"
EndProject
Project("{9A19103F-16F7-4668-BE54-9A1E7A4F7556}") = "Introducción - I03 - Los primos", "I03 - Los primos\Introducción - I03 - Los primos.csproj", "{2F50FC65-536E-4E2B-89BF-138E2A3279BD}"
EndProject
Project("{9A19103F-16F7-4668-BE54-9A1E7A4F7556}") = "Introducción - I04 - Un número perfecto", "Introducción - I04 - Un número perfecto\Introducción - I04 - Un número perfecto.csproj", "{840700AA-547F-4C5E-8B88-B2A732D53278}"
EndProject
Project("{9A19103F-16F7-4668-BE54-9A1E7A4F7556}") = "Introducción - I05 - Tirame un centro", "Introducción - I05 - Tirame un centro\Introducción - I05 - Tirame un centro.csproj", "{93DBC5B4-5A15-4F20-A994-F73558733F7E}"
EndProject
Project("{9A19103F-16F7-4668-BE54-9A1E7A4F7556}") = "Introducción - I06 - Años bisiestos", "Introducción - I06 - Años bisiestos\Introducción - I06 - Años bisiestos.csproj", "{630629F7-C64D-4AC4-907F-2F449FB79212}"
EndProject
Project("{9A19103F-16F7-4668-BE54-9A1E7A4F7556}") = "Introducción - I07 - Recibo de sueldo", "Introducción - I07 - Recibo de sueldo\Introducción - I07 - Recibo de sueldo.csproj", "{3900D8C4-CAA4-4F44-BFA3-311DB8D0B477}"
EndProject
Project("{9A19103F-16F7-4668-BE54-9A1E7A4F7556}") = "Introducción - I08 - Dibujando un triángulo rectángulo", "Introdución - I08 - Dibujando un triángulo rectángulo\Introducción - I08 - Dibujando un triángulo rectángulo.csproj", "{927D9279-7ABD-499A-A9F3-F6DD568A2BCC}"
EndProject
Project("{9A19103F-16F7-4668-BE54-9A1E7A4F7556}") = "Introducción - I09 - Dibujando un triángulo equilá.", "Introducción - I09 - Dibujando un triángulo equilá\Introducción - I09 - Dibujando un triángulo equilá..csproj", "{DD739A08-365B-4575-963C-E2C8FE30095B}"
EndProject
Project("{9A19103F-16F7-4668-BE54-9A1E7A4F7556}") = "Clases y Metodos - I01 - Validador de rangos", "Clases y Metodos - I01 - Validador de rangos\Clases y Metodos - I01 - Validador de rangos.csproj", "{ECA23399-99AF-4B96-8A53-065E10D41912}"
EndProject
Project("{9A19103F-16F7-4668-BE54-9A1E7A4F7556}") = "Clases y Métodos - I02 - Desea continuar", "Clases y Métodos - Ejercicio I02 - Desea continuar\Clases y Métodos - I02 - Desea continuar.csproj", "{70BE974C-B298-481E-B389-46E8C9B409F9}"
EndProject
Project("{9A19103F-16F7-4668-BE54-9A1E7A4F7556}") = "Clases y Métodos - I03 - Conversor binario", "Clases y Métodos - I03 - Conversor binario\Clases y Métodos - I03 - Conversor binario.csproj", "{63D70563-74E5-4A0D-830D-865A35E6DF20}"
EndProject
Project("{9A19103F-16F7-4668-BE54-9A1E7A4F7556}") = "Clases y Métodos - I04 - La calculadora", "Clases y Métodos - I04 - La calculadora\Clases y Métodos - I04 - La calculadora.csproj", "{9B917309-5E6C-4B7D-9030-BE2DC532C09F}"
EndProject
Project("{9A19103F-16F7-4668-BE54-9A1E7A4F7556}") = "Clases y Métodos - I05 - Aprendete las tablas", "Clases y Métodos - I05 - Aprendete las tablas\Clases y Métodos - I05 - Aprendete las tablas.csproj", "{A6F31342-B19F-4653-8377-F748952B31B2}"
EndProject
Project("{9A19103F-16F7-4668-BE54-9A1E7A4F7556}") = "Biblioteca_UTN", "Biblioteca_UTN\Biblioteca_UTN.csproj", "{2D5032B2-CDE4-4C2E-B556-AB87AD098153}"
EndProject
Project("{9A19103F-16F7-4668-BE54-9A1E7A4F7556}") = "Clases y Métodos - I06 - Calculadora de áreas", "Clases y Métodos - I06 - Calculadora de áreas\Clases y Métodos - I06 - Calculadora de áreas.csproj", "{D71A72BB-8BBE-42F8-8EF2-F8C13D305459}"
EndProject
Project("{FAE04EC0-301F-11D3-BF4B-00C04F79EFBC}") = "Clases y Métodos - I07 - Pitágoras estaría orgulloso", "Métodos y Clases - I07 - Pitágoras estaría orgulloso\Clases y Métodos - I07 - Pitágoras estaría orgulloso.csproj", "{9DC5FDE6-2834-4AB6-9625-221CC1EB42E2}"
EndProject
Project("{FAE04EC0-301F-11D3-BF4B-00C04F79EFBC}") = "Clases y Métodos - I08 - El tiempo pasa", "Clases y Métodos - I08 - El tiempo pasa\Clases y Métodos - I08 - El tiempo pasa.csproj", "{098AC12A-DAA3-4B7A-8845-1D12F22DB1CB}"
EndProject
Project("{FAE04EC0-301F-11D3-BF4B-00C04F79EFBC}") = "Clases y Métodos - A01 - Calcular un factorial", "Clases y Métodos - A01 - Calcular un factorial\Clases y Métodos - A01 - Calcular un factorial.csproj", "{FEF7B49E-5A73-4346-8E46-FD7B2ADCC0EC}"
EndProject
Project("{FAE04EC0-301F-11D3-BF4B-00C04F79EFBC}") = "POO - I01 - Creo que necesito un préstamo", "POO - I01 - Creo que necesito un préstamo\POO - I01 - Creo que necesito un préstamo.csproj", "{B9CCCA00-339B-43CD-B8DF-9409F687E648}"
EndProject
Project("{FAE04EC0-301F-11D3-BF4B-00C04F79EFBC}") = "POO - I02 - Vos cuántas primaveras tenés", "POO - I02 - Vos cuántas primaveras tenés\POO - I02 - Vos cuántas primaveras tenés.csproj", "{789BFCA3-999F-4760-A2C7-9B37EF868B2A}"
EndProject
Project("{FAE04EC0-301F-11D3-BF4B-00C04F79EFBC}") = "POO - I03 - El ejemplo universal", "POO - I03 - El ejemplo universal\POO - I03 - El ejemplo universal.csproj", "{47C3436F-774F-43A4-8B07-15EE081AF0AF}"
EndProject
Project("{FAE04EC0-301F-11D3-BF4B-00C04F79EFBC}") = "POO - I04 - Invento argentino", "POO - I04 - Invento argentino\POO - I04 - Invento argentino.csproj", "{FFFABBC3-9EF9-4789-B481-6F2D34B020A8}"
EndProject
Global
	GlobalSection(SolutionConfigurationPlatforms) = preSolution
		Debug|Any CPU = Debug|Any CPU
		Release|Any CPU = Release|Any CPU
	EndGlobalSection
	GlobalSection(ProjectConfigurationPlatforms) = postSolution
		{58289EBB-AE1B-41A9-B132-CD0FEF3C14AD}.Debug|Any CPU.ActiveCfg = Debug|Any CPU
		{58289EBB-AE1B-41A9-B132-CD0FEF3C14AD}.Debug|Any CPU.Build.0 = Debug|Any CPU
		{58289EBB-AE1B-41A9-B132-CD0FEF3C14AD}.Release|Any CPU.ActiveCfg = Release|Any CPU
		{58289EBB-AE1B-41A9-B132-CD0FEF3C14AD}.Release|Any CPU.Build.0 = Release|Any CPU
		{52740B4C-3970-4A66-B7C7-1FBADEB54768}.Debug|Any CPU.ActiveCfg = Debug|Any CPU
		{52740B4C-3970-4A66-B7C7-1FBADEB54768}.Debug|Any CPU.Build.0 = Debug|Any CPU
		{52740B4C-3970-4A66-B7C7-1FBADEB54768}.Release|Any CPU.ActiveCfg = Release|Any CPU
		{52740B4C-3970-4A66-B7C7-1FBADEB54768}.Release|Any CPU.Build.0 = Release|Any CPU
		{2F50FC65-536E-4E2B-89BF-138E2A3279BD}.Debug|Any CPU.ActiveCfg = Debug|Any CPU
		{2F50FC65-536E-4E2B-89BF-138E2A3279BD}.Debug|Any CPU.Build.0 = Debug|Any CPU
		{2F50FC65-536E-4E2B-89BF-138E2A3279BD}.Release|Any CPU.ActiveCfg = Release|Any CPU
		{2F50FC65-536E-4E2B-89BF-138E2A3279BD}.Release|Any CPU.Build.0 = Release|Any CPU
		{840700AA-547F-4C5E-8B88-B2A732D53278}.Debug|Any CPU.ActiveCfg = Debug|Any CPU
		{840700AA-547F-4C5E-8B88-B2A732D53278}.Debug|Any CPU.Build.0 = Debug|Any CPU
		{840700AA-547F-4C5E-8B88-B2A732D53278}.Release|Any CPU.ActiveCfg = Release|Any CPU
		{840700AA-547F-4C5E-8B88-B2A732D53278}.Release|Any CPU.Build.0 = Release|Any CPU
		{93DBC5B4-5A15-4F20-A994-F73558733F7E}.Debug|Any CPU.ActiveCfg = Debug|Any CPU
		{93DBC5B4-5A15-4F20-A994-F73558733F7E}.Debug|Any CPU.Build.0 = Debug|Any CPU
		{93DBC5B4-5A15-4F20-A994-F73558733F7E}.Release|Any CPU.ActiveCfg = Release|Any CPU
		{93DBC5B4-5A15-4F20-A994-F73558733F7E}.Release|Any CPU.Build.0 = Release|Any CPU
		{630629F7-C64D-4AC4-907F-2F449FB79212}.Debug|Any CPU.ActiveCfg = Debug|Any CPU
		{630629F7-C64D-4AC4-907F-2F449FB79212}.Debug|Any CPU.Build.0 = Debug|Any CPU
		{630629F7-C64D-4AC4-907F-2F449FB79212}.Release|Any CPU.ActiveCfg = Release|Any CPU
		{630629F7-C64D-4AC4-907F-2F449FB79212}.Release|Any CPU.Build.0 = Release|Any CPU
		{3900D8C4-CAA4-4F44-BFA3-311DB8D0B477}.Debug|Any CPU.ActiveCfg = Debug|Any CPU
		{3900D8C4-CAA4-4F44-BFA3-311DB8D0B477}.Debug|Any CPU.Build.0 = Debug|Any CPU
		{3900D8C4-CAA4-4F44-BFA3-311DB8D0B477}.Release|Any CPU.ActiveCfg = Release|Any CPU
		{3900D8C4-CAA4-4F44-BFA3-311DB8D0B477}.Release|Any CPU.Build.0 = Release|Any CPU
		{927D9279-7ABD-499A-A9F3-F6DD568A2BCC}.Debug|Any CPU.ActiveCfg = Debug|Any CPU
		{927D9279-7ABD-499A-A9F3-F6DD568A2BCC}.Debug|Any CPU.Build.0 = Debug|Any CPU
		{927D9279-7ABD-499A-A9F3-F6DD568A2BCC}.Release|Any CPU.ActiveCfg = Release|Any CPU
		{927D9279-7ABD-499A-A9F3-F6DD568A2BCC}.Release|Any CPU.Build.0 = Release|Any CPU
		{DD739A08-365B-4575-963C-E2C8FE30095B}.Debug|Any CPU.ActiveCfg = Debug|Any CPU
		{DD739A08-365B-4575-963C-E2C8FE30095B}.Debug|Any CPU.Build.0 = Debug|Any CPU
		{DD739A08-365B-4575-963C-E2C8FE30095B}.Release|Any CPU.ActiveCfg = Release|Any CPU
		{DD739A08-365B-4575-963C-E2C8FE30095B}.Release|Any CPU.Build.0 = Release|Any CPU
		{ECA23399-99AF-4B96-8A53-065E10D41912}.Debug|Any CPU.ActiveCfg = Debug|Any CPU
		{ECA23399-99AF-4B96-8A53-065E10D41912}.Debug|Any CPU.Build.0 = Debug|Any CPU
		{ECA23399-99AF-4B96-8A53-065E10D41912}.Release|Any CPU.ActiveCfg = Release|Any CPU
		{ECA23399-99AF-4B96-8A53-065E10D41912}.Release|Any CPU.Build.0 = Release|Any CPU
		{70BE974C-B298-481E-B389-46E8C9B409F9}.Debug|Any CPU.ActiveCfg = Debug|Any CPU
		{70BE974C-B298-481E-B389-46E8C9B409F9}.Debug|Any CPU.Build.0 = Debug|Any CPU
		{70BE974C-B298-481E-B389-46E8C9B409F9}.Release|Any CPU.ActiveCfg = Release|Any CPU
		{70BE974C-B298-481E-B389-46E8C9B409F9}.Release|Any CPU.Build.0 = Release|Any CPU
		{63D70563-74E5-4A0D-830D-865A35E6DF20}.Debug|Any CPU.ActiveCfg = Debug|Any CPU
		{63D70563-74E5-4A0D-830D-865A35E6DF20}.Debug|Any CPU.Build.0 = Debug|Any CPU
		{63D70563-74E5-4A0D-830D-865A35E6DF20}.Release|Any CPU.ActiveCfg = Release|Any CPU
		{63D70563-74E5-4A0D-830D-865A35E6DF20}.Release|Any CPU.Build.0 = Release|Any CPU
		{9B917309-5E6C-4B7D-9030-BE2DC532C09F}.Debug|Any CPU.ActiveCfg = Debug|Any CPU
		{9B917309-5E6C-4B7D-9030-BE2DC532C09F}.Debug|Any CPU.Build.0 = Debug|Any CPU
		{9B917309-5E6C-4B7D-9030-BE2DC532C09F}.Release|Any CPU.ActiveCfg = Release|Any CPU
		{9B917309-5E6C-4B7D-9030-BE2DC532C09F}.Release|Any CPU.Build.0 = Release|Any CPU
		{A6F31342-B19F-4653-8377-F748952B31B2}.Debug|Any CPU.ActiveCfg = Debug|Any CPU
		{A6F31342-B19F-4653-8377-F748952B31B2}.Debug|Any CPU.Build.0 = Debug|Any CPU
		{A6F31342-B19F-4653-8377-F748952B31B2}.Release|Any CPU.ActiveCfg = Release|Any CPU
		{A6F31342-B19F-4653-8377-F748952B31B2}.Release|Any CPU.Build.0 = Release|Any CPU
		{2D5032B2-CDE4-4C2E-B556-AB87AD098153}.Debug|Any CPU.ActiveCfg = Debug|Any CPU
		{2D5032B2-CDE4-4C2E-B556-AB87AD098153}.Debug|Any CPU.Build.0 = Debug|Any CPU
		{2D5032B2-CDE4-4C2E-B556-AB87AD098153}.Release|Any CPU.ActiveCfg = Release|Any CPU
		{2D5032B2-CDE4-4C2E-B556-AB87AD098153}.Release|Any CPU.Build.0 = Release|Any CPU
		{D71A72BB-8BBE-42F8-8EF2-F8C13D305459}.Debug|Any CPU.ActiveCfg = Debug|Any CPU
		{D71A72BB-8BBE-42F8-8EF2-F8C13D305459}.Debug|Any CPU.Build.0 = Debug|Any CPU
		{D71A72BB-8BBE-42F8-8EF2-F8C13D305459}.Release|Any CPU.ActiveCfg = Release|Any CPU
		{D71A72BB-8BBE-42F8-8EF2-F8C13D305459}.Release|Any CPU.Build.0 = Release|Any CPU
		{9DC5FDE6-2834-4AB6-9625-221CC1EB42E2}.Debug|Any CPU.ActiveCfg = Debug|Any CPU
		{9DC5FDE6-2834-4AB6-9625-221CC1EB42E2}.Debug|Any CPU.Build.0 = Debug|Any CPU
		{9DC5FDE6-2834-4AB6-9625-221CC1EB42E2}.Release|Any CPU.ActiveCfg = Release|Any CPU
		{9DC5FDE6-2834-4AB6-9625-221CC1EB42E2}.Release|Any CPU.Build.0 = Release|Any CPU
		{098AC12A-DAA3-4B7A-8845-1D12F22DB1CB}.Debug|Any CPU.ActiveCfg = Debug|Any CPU
		{098AC12A-DAA3-4B7A-8845-1D12F22DB1CB}.Debug|Any CPU.Build.0 = Debug|Any CPU
		{098AC12A-DAA3-4B7A-8845-1D12F22DB1CB}.Release|Any CPU.ActiveCfg = Release|Any CPU
		{098AC12A-DAA3-4B7A-8845-1D12F22DB1CB}.Release|Any CPU.Build.0 = Release|Any CPU
		{FEF7B49E-5A73-4346-8E46-FD7B2ADCC0EC}.Debug|Any CPU.ActiveCfg = Debug|Any CPU
		{FEF7B49E-5A73-4346-8E46-FD7B2ADCC0EC}.Debug|Any CPU.Build.0 = Debug|Any CPU
		{FEF7B49E-5A73-4346-8E46-FD7B2ADCC0EC}.Release|Any CPU.ActiveCfg = Release|Any CPU
		{FEF7B49E-5A73-4346-8E46-FD7B2ADCC0EC}.Release|Any CPU.Build.0 = Release|Any CPU
		{B9CCCA00-339B-43CD-B8DF-9409F687E648}.Debug|Any CPU.ActiveCfg = Debug|Any CPU
		{B9CCCA00-339B-43CD-B8DF-9409F687E648}.Debug|Any CPU.Build.0 = Debug|Any CPU
		{B9CCCA00-339B-43CD-B8DF-9409F687E648}.Release|Any CPU.ActiveCfg = Release|Any CPU
		{B9CCCA00-339B-43CD-B8DF-9409F687E648}.Release|Any CPU.Build.0 = Release|Any CPU
		{789BFCA3-999F-4760-A2C7-9B37EF868B2A}.Debug|Any CPU.ActiveCfg = Debug|Any CPU
		{789BFCA3-999F-4760-A2C7-9B37EF868B2A}.Debug|Any CPU.Build.0 = Debug|Any CPU
		{789BFCA3-999F-4760-A2C7-9B37EF868B2A}.Release|Any CPU.ActiveCfg = Release|Any CPU
		{789BFCA3-999F-4760-A2C7-9B37EF868B2A}.Release|Any CPU.Build.0 = Release|Any CPU
		{47C3436F-774F-43A4-8B07-15EE081AF0AF}.Debug|Any CPU.ActiveCfg = Debug|Any CPU
		{47C3436F-774F-43A4-8B07-15EE081AF0AF}.Debug|Any CPU.Build.0 = Debug|Any CPU
		{47C3436F-774F-43A4-8B07-15EE081AF0AF}.Release|Any CPU.ActiveCfg = Release|Any CPU
		{47C3436F-774F-43A4-8B07-15EE081AF0AF}.Release|Any CPU.Build.0 = Release|Any CPU
		{FFFABBC3-9EF9-4789-B481-6F2D34B020A8}.Debug|Any CPU.ActiveCfg = Debug|Any CPU
		{FFFABBC3-9EF9-4789-B481-6F2D34B020A8}.Debug|Any CPU.Build.0 = Debug|Any CPU
		{FFFABBC3-9EF9-4789-B481-6F2D34B020A8}.Release|Any CPU.ActiveCfg = Release|Any CPU
		{FFFABBC3-9EF9-4789-B481-6F2D34B020A8}.Release|Any CPU.Build.0 = Release|Any CPU
	EndGlobalSection
	GlobalSection(SolutionProperties) = preSolution
		HideSolutionNode = FALSE
	EndGlobalSection
	GlobalSection(ExtensibilityGlobals) = postSolution
		SolutionGuid = {C0178414-9F56-461C-B775-0978430DC9EE}
	EndGlobalSection
EndGlobal
